
Microsoft Visual Studio Solution File, Format Version 12.00
# Visual Studio 15
VisualStudioVersion = 15.0.28307.106
MinimumVisualStudioVersion = 10.0.40219.1
Project("{9A19103F-16F7-4668-BE54-9A1E7A4F7556}") = "TaskDropper.Core", "TaskDropper.Core\TaskDropper.Core.csproj", "{4ED6EA0B-6EAA-4E6A-B21C-2A6D875AB246}"
EndProject
Project("{FAE04EC0-301F-11D3-BF4B-00C04F79EFBC}") = "TaskDropper.Droid", "TaskDropper.Droid\TaskDropper.Droid.csproj", "{BF1AB99C-A3B6-4E69-B188-C05C6FE42F6F}"
EndProject
Project("{FAE04EC0-301F-11D3-BF4B-00C04F79EFBC}") = "TaskDropper.iOS", "TaskDropper.iOS\TaskDropper.iOS.csproj", "{80A96B52-6758-4BDB-B0B4-CEA4CA155C60}"
EndProject
Project("{FAE04EC0-301F-11D3-BF4B-00C04F79EFBC}") = "TaskDropper.Forms.Android", "TaskDropper.Forms\TaskDropper.Forms.Android\TaskDropper.Forms.Android.csproj", "{29E386CA-EE30-421A-AE24-BAB715EE4802}"
EndProject
Project("{FAE04EC0-301F-11D3-BF4B-00C04F79EFBC}") = "TaskDropper.Forms.iOS", "TaskDropper.Forms\TaskDropper.Forms.iOS\TaskDropper.Forms.iOS.csproj", "{715B7C2B-E0D7-48FA-BFD2-78EDE49E6481}"
EndProject
Project("{FAE04EC0-301F-11D3-BF4B-00C04F79EFBC}") = "TaskDropper.Forms", "TaskDropper.Forms\TaskDropper.Forms\TaskDropper.Forms.csproj", "{A2EEE390-A49B-44D9-B0E1-5B7D4045E2E9}"
EndProject
Project("{2150E333-8FDC-42A3-9474-1A3956D46DE8}") = "Forms", "Forms", "{5823F819-EB16-48D9-9A77-4A4E8B898ED5}"
EndProject
Global
	GlobalSection(SolutionConfigurationPlatforms) = preSolution
		Ad-Hoc|Any CPU = Ad-Hoc|Any CPU
		Ad-Hoc|ARM = Ad-Hoc|ARM
		Ad-Hoc|iPhone = Ad-Hoc|iPhone
		Ad-Hoc|iPhoneSimulator = Ad-Hoc|iPhoneSimulator
		Ad-Hoc|x64 = Ad-Hoc|x64
		Ad-Hoc|x86 = Ad-Hoc|x86
		AppStore|Any CPU = AppStore|Any CPU
		AppStore|ARM = AppStore|ARM
		AppStore|iPhone = AppStore|iPhone
		AppStore|iPhoneSimulator = AppStore|iPhoneSimulator
		AppStore|x64 = AppStore|x64
		AppStore|x86 = AppStore|x86
		Debug|Any CPU = Debug|Any CPU
		Debug|ARM = Debug|ARM
		Debug|iPhone = Debug|iPhone
		Debug|iPhoneSimulator = Debug|iPhoneSimulator
		Debug|x64 = Debug|x64
		Debug|x86 = Debug|x86
		Release|Any CPU = Release|Any CPU
		Release|ARM = Release|ARM
		Release|iPhone = Release|iPhone
		Release|iPhoneSimulator = Release|iPhoneSimulator
		Release|x64 = Release|x64
		Release|x86 = Release|x86
	EndGlobalSection
	GlobalSection(ProjectConfigurationPlatforms) = postSolution
		{4ED6EA0B-6EAA-4E6A-B21C-2A6D875AB246}.Ad-Hoc|Any CPU.ActiveCfg = Release|Any CPU
		{4ED6EA0B-6EAA-4E6A-B21C-2A6D875AB246}.Ad-Hoc|Any CPU.Build.0 = Release|Any CPU
		{4ED6EA0B-6EAA-4E6A-B21C-2A6D875AB246}.Ad-Hoc|ARM.ActiveCfg = Release|Any CPU
		{4ED6EA0B-6EAA-4E6A-B21C-2A6D875AB246}.Ad-Hoc|ARM.Build.0 = Release|Any CPU
		{4ED6EA0B-6EAA-4E6A-B21C-2A6D875AB246}.Ad-Hoc|iPhone.ActiveCfg = Release|Any CPU
		{4ED6EA0B-6EAA-4E6A-B21C-2A6D875AB246}.Ad-Hoc|iPhone.Build.0 = Release|Any CPU
		{4ED6EA0B-6EAA-4E6A-B21C-2A6D875AB246}.Ad-Hoc|iPhoneSimulator.ActiveCfg = Release|Any CPU
		{4ED6EA0B-6EAA-4E6A-B21C-2A6D875AB246}.Ad-Hoc|iPhoneSimulator.Build.0 = Release|Any CPU
		{4ED6EA0B-6EAA-4E6A-B21C-2A6D875AB246}.Ad-Hoc|x64.ActiveCfg = Release|Any CPU
		{4ED6EA0B-6EAA-4E6A-B21C-2A6D875AB246}.Ad-Hoc|x64.Build.0 = Release|Any CPU
		{4ED6EA0B-6EAA-4E6A-B21C-2A6D875AB246}.Ad-Hoc|x86.ActiveCfg = Release|Any CPU
		{4ED6EA0B-6EAA-4E6A-B21C-2A6D875AB246}.Ad-Hoc|x86.Build.0 = Release|Any CPU
		{4ED6EA0B-6EAA-4E6A-B21C-2A6D875AB246}.AppStore|Any CPU.ActiveCfg = Release|Any CPU
		{4ED6EA0B-6EAA-4E6A-B21C-2A6D875AB246}.AppStore|Any CPU.Build.0 = Release|Any CPU
		{4ED6EA0B-6EAA-4E6A-B21C-2A6D875AB246}.AppStore|ARM.ActiveCfg = Release|Any CPU
		{4ED6EA0B-6EAA-4E6A-B21C-2A6D875AB246}.AppStore|ARM.Build.0 = Release|Any CPU
		{4ED6EA0B-6EAA-4E6A-B21C-2A6D875AB246}.AppStore|iPhone.ActiveCfg = Release|Any CPU
		{4ED6EA0B-6EAA-4E6A-B21C-2A6D875AB246}.AppStore|iPhone.Build.0 = Release|Any CPU
		{4ED6EA0B-6EAA-4E6A-B21C-2A6D875AB246}.AppStore|iPhoneSimulator.ActiveCfg = Release|Any CPU
		{4ED6EA0B-6EAA-4E6A-B21C-2A6D875AB246}.AppStore|iPhoneSimulator.Build.0 = Release|Any CPU
		{4ED6EA0B-6EAA-4E6A-B21C-2A6D875AB246}.AppStore|x64.ActiveCfg = Release|Any CPU
		{4ED6EA0B-6EAA-4E6A-B21C-2A6D875AB246}.AppStore|x64.Build.0 = Release|Any CPU
		{4ED6EA0B-6EAA-4E6A-B21C-2A6D875AB246}.AppStore|x86.ActiveCfg = Release|Any CPU
		{4ED6EA0B-6EAA-4E6A-B21C-2A6D875AB246}.AppStore|x86.Build.0 = Release|Any CPU
		{4ED6EA0B-6EAA-4E6A-B21C-2A6D875AB246}.Debug|Any CPU.ActiveCfg = Debug|Any CPU
		{4ED6EA0B-6EAA-4E6A-B21C-2A6D875AB246}.Debug|Any CPU.Build.0 = Debug|Any CPU
		{4ED6EA0B-6EAA-4E6A-B21C-2A6D875AB246}.Debug|ARM.ActiveCfg = Debug|Any CPU
		{4ED6EA0B-6EAA-4E6A-B21C-2A6D875AB246}.Debug|ARM.Build.0 = Debug|Any CPU
		{4ED6EA0B-6EAA-4E6A-B21C-2A6D875AB246}.Debug|iPhone.ActiveCfg = Debug|Any CPU
		{4ED6EA0B-6EAA-4E6A-B21C-2A6D875AB246}.Debug|iPhone.Build.0 = Debug|Any CPU
		{4ED6EA0B-6EAA-4E6A-B21C-2A6D875AB246}.Debug|iPhoneSimulator.ActiveCfg = Debug|Any CPU
		{4ED6EA0B-6EAA-4E6A-B21C-2A6D875AB246}.Debug|iPhoneSimulator.Build.0 = Debug|Any CPU
		{4ED6EA0B-6EAA-4E6A-B21C-2A6D875AB246}.Debug|x64.ActiveCfg = Debug|Any CPU
		{4ED6EA0B-6EAA-4E6A-B21C-2A6D875AB246}.Debug|x64.Build.0 = Debug|Any CPU
		{4ED6EA0B-6EAA-4E6A-B21C-2A6D875AB246}.Debug|x86.ActiveCfg = Debug|Any CPU
		{4ED6EA0B-6EAA-4E6A-B21C-2A6D875AB246}.Debug|x86.Build.0 = Debug|Any CPU
		{4ED6EA0B-6EAA-4E6A-B21C-2A6D875AB246}.Release|Any CPU.ActiveCfg = Release|Any CPU
		{4ED6EA0B-6EAA-4E6A-B21C-2A6D875AB246}.Release|Any CPU.Build.0 = Release|Any CPU
		{4ED6EA0B-6EAA-4E6A-B21C-2A6D875AB246}.Release|ARM.ActiveCfg = Release|Any CPU
		{4ED6EA0B-6EAA-4E6A-B21C-2A6D875AB246}.Release|ARM.Build.0 = Release|Any CPU
		{4ED6EA0B-6EAA-4E6A-B21C-2A6D875AB246}.Release|iPhone.ActiveCfg = Release|Any CPU
		{4ED6EA0B-6EAA-4E6A-B21C-2A6D875AB246}.Release|iPhone.Build.0 = Release|Any CPU
		{4ED6EA0B-6EAA-4E6A-B21C-2A6D875AB246}.Release|iPhoneSimulator.ActiveCfg = Release|Any CPU
		{4ED6EA0B-6EAA-4E6A-B21C-2A6D875AB246}.Release|iPhoneSimulator.Build.0 = Release|Any CPU
		{4ED6EA0B-6EAA-4E6A-B21C-2A6D875AB246}.Release|x64.ActiveCfg = Release|Any CPU
		{4ED6EA0B-6EAA-4E6A-B21C-2A6D875AB246}.Release|x64.Build.0 = Release|Any CPU
		{4ED6EA0B-6EAA-4E6A-B21C-2A6D875AB246}.Release|x86.ActiveCfg = Release|Any CPU
		{4ED6EA0B-6EAA-4E6A-B21C-2A6D875AB246}.Release|x86.Build.0 = Release|Any CPU
		{BF1AB99C-A3B6-4E69-B188-C05C6FE42F6F}.Ad-Hoc|Any CPU.ActiveCfg = Release|Any CPU
		{BF1AB99C-A3B6-4E69-B188-C05C6FE42F6F}.Ad-Hoc|Any CPU.Build.0 = Release|Any CPU
		{BF1AB99C-A3B6-4E69-B188-C05C6FE42F6F}.Ad-Hoc|Any CPU.Deploy.0 = Release|Any CPU
		{BF1AB99C-A3B6-4E69-B188-C05C6FE42F6F}.Ad-Hoc|ARM.ActiveCfg = Release|Any CPU
		{BF1AB99C-A3B6-4E69-B188-C05C6FE42F6F}.Ad-Hoc|ARM.Build.0 = Release|Any CPU
		{BF1AB99C-A3B6-4E69-B188-C05C6FE42F6F}.Ad-Hoc|ARM.Deploy.0 = Release|Any CPU
		{BF1AB99C-A3B6-4E69-B188-C05C6FE42F6F}.Ad-Hoc|iPhone.ActiveCfg = Release|Any CPU
		{BF1AB99C-A3B6-4E69-B188-C05C6FE42F6F}.Ad-Hoc|iPhone.Build.0 = Release|Any CPU
		{BF1AB99C-A3B6-4E69-B188-C05C6FE42F6F}.Ad-Hoc|iPhone.Deploy.0 = Release|Any CPU
		{BF1AB99C-A3B6-4E69-B188-C05C6FE42F6F}.Ad-Hoc|iPhoneSimulator.ActiveCfg = Release|Any CPU
		{BF1AB99C-A3B6-4E69-B188-C05C6FE42F6F}.Ad-Hoc|iPhoneSimulator.Build.0 = Release|Any CPU
		{BF1AB99C-A3B6-4E69-B188-C05C6FE42F6F}.Ad-Hoc|iPhoneSimulator.Deploy.0 = Release|Any CPU
		{BF1AB99C-A3B6-4E69-B188-C05C6FE42F6F}.Ad-Hoc|x64.ActiveCfg = Release|Any CPU
		{BF1AB99C-A3B6-4E69-B188-C05C6FE42F6F}.Ad-Hoc|x64.Build.0 = Release|Any CPU
		{BF1AB99C-A3B6-4E69-B188-C05C6FE42F6F}.Ad-Hoc|x64.Deploy.0 = Release|Any CPU
		{BF1AB99C-A3B6-4E69-B188-C05C6FE42F6F}.Ad-Hoc|x86.ActiveCfg = Release|Any CPU
		{BF1AB99C-A3B6-4E69-B188-C05C6FE42F6F}.Ad-Hoc|x86.Build.0 = Release|Any CPU
		{BF1AB99C-A3B6-4E69-B188-C05C6FE42F6F}.Ad-Hoc|x86.Deploy.0 = Release|Any CPU
		{BF1AB99C-A3B6-4E69-B188-C05C6FE42F6F}.AppStore|Any CPU.ActiveCfg = Release|Any CPU
		{BF1AB99C-A3B6-4E69-B188-C05C6FE42F6F}.AppStore|Any CPU.Build.0 = Release|Any CPU
		{BF1AB99C-A3B6-4E69-B188-C05C6FE42F6F}.AppStore|Any CPU.Deploy.0 = Release|Any CPU
		{BF1AB99C-A3B6-4E69-B188-C05C6FE42F6F}.AppStore|ARM.ActiveCfg = Release|Any CPU
		{BF1AB99C-A3B6-4E69-B188-C05C6FE42F6F}.AppStore|ARM.Build.0 = Release|Any CPU
		{BF1AB99C-A3B6-4E69-B188-C05C6FE42F6F}.AppStore|ARM.Deploy.0 = Release|Any CPU
		{BF1AB99C-A3B6-4E69-B188-C05C6FE42F6F}.AppStore|iPhone.ActiveCfg = Release|Any CPU
		{BF1AB99C-A3B6-4E69-B188-C05C6FE42F6F}.AppStore|iPhone.Build.0 = Release|Any CPU
		{BF1AB99C-A3B6-4E69-B188-C05C6FE42F6F}.AppStore|iPhone.Deploy.0 = Release|Any CPU
		{BF1AB99C-A3B6-4E69-B188-C05C6FE42F6F}.AppStore|iPhoneSimulator.ActiveCfg = Release|Any CPU
		{BF1AB99C-A3B6-4E69-B188-C05C6FE42F6F}.AppStore|iPhoneSimulator.Build.0 = Release|Any CPU
		{BF1AB99C-A3B6-4E69-B188-C05C6FE42F6F}.AppStore|iPhoneSimulator.Deploy.0 = Release|Any CPU
		{BF1AB99C-A3B6-4E69-B188-C05C6FE42F6F}.AppStore|x64.ActiveCfg = Release|Any CPU
		{BF1AB99C-A3B6-4E69-B188-C05C6FE42F6F}.AppStore|x64.Build.0 = Release|Any CPU
		{BF1AB99C-A3B6-4E69-B188-C05C6FE42F6F}.AppStore|x64.Deploy.0 = Release|Any CPU
		{BF1AB99C-A3B6-4E69-B188-C05C6FE42F6F}.AppStore|x86.ActiveCfg = Release|Any CPU
		{BF1AB99C-A3B6-4E69-B188-C05C6FE42F6F}.AppStore|x86.Build.0 = Release|Any CPU
		{BF1AB99C-A3B6-4E69-B188-C05C6FE42F6F}.AppStore|x86.Deploy.0 = Release|Any CPU
		{BF1AB99C-A3B6-4E69-B188-C05C6FE42F6F}.Debug|Any CPU.ActiveCfg = Debug|Any CPU
		{BF1AB99C-A3B6-4E69-B188-C05C6FE42F6F}.Debug|Any CPU.Build.0 = Debug|Any CPU
		{BF1AB99C-A3B6-4E69-B188-C05C6FE42F6F}.Debug|Any CPU.Deploy.0 = Debug|Any CPU
		{BF1AB99C-A3B6-4E69-B188-C05C6FE42F6F}.Debug|ARM.ActiveCfg = Debug|Any CPU
		{BF1AB99C-A3B6-4E69-B188-C05C6FE42F6F}.Debug|ARM.Build.0 = Debug|Any CPU
		{BF1AB99C-A3B6-4E69-B188-C05C6FE42F6F}.Debug|ARM.Deploy.0 = Debug|Any CPU
		{BF1AB99C-A3B6-4E69-B188-C05C6FE42F6F}.Debug|iPhone.ActiveCfg = Debug|Any CPU
		{BF1AB99C-A3B6-4E69-B188-C05C6FE42F6F}.Debug|iPhone.Build.0 = Debug|Any CPU
		{BF1AB99C-A3B6-4E69-B188-C05C6FE42F6F}.Debug|iPhone.Deploy.0 = Debug|Any CPU
		{BF1AB99C-A3B6-4E69-B188-C05C6FE42F6F}.Debug|iPhoneSimulator.ActiveCfg = Debug|Any CPU
		{BF1AB99C-A3B6-4E69-B188-C05C6FE42F6F}.Debug|iPhoneSimulator.Build.0 = Debug|Any CPU
		{BF1AB99C-A3B6-4E69-B188-C05C6FE42F6F}.Debug|iPhoneSimulator.Deploy.0 = Debug|Any CPU
		{BF1AB99C-A3B6-4E69-B188-C05C6FE42F6F}.Debug|x64.ActiveCfg = Debug|Any CPU
		{BF1AB99C-A3B6-4E69-B188-C05C6FE42F6F}.Debug|x64.Build.0 = Debug|Any CPU
		{BF1AB99C-A3B6-4E69-B188-C05C6FE42F6F}.Debug|x64.Deploy.0 = Debug|Any CPU
		{BF1AB99C-A3B6-4E69-B188-C05C6FE42F6F}.Debug|x86.ActiveCfg = Debug|Any CPU
		{BF1AB99C-A3B6-4E69-B188-C05C6FE42F6F}.Debug|x86.Build.0 = Debug|Any CPU
		{BF1AB99C-A3B6-4E69-B188-C05C6FE42F6F}.Debug|x86.Deploy.0 = Debug|Any CPU
		{BF1AB99C-A3B6-4E69-B188-C05C6FE42F6F}.Release|Any CPU.ActiveCfg = Release|Any CPU
		{BF1AB99C-A3B6-4E69-B188-C05C6FE42F6F}.Release|Any CPU.Build.0 = Release|Any CPU
		{BF1AB99C-A3B6-4E69-B188-C05C6FE42F6F}.Release|Any CPU.Deploy.0 = Release|Any CPU
		{BF1AB99C-A3B6-4E69-B188-C05C6FE42F6F}.Release|ARM.ActiveCfg = Release|Any CPU
		{BF1AB99C-A3B6-4E69-B188-C05C6FE42F6F}.Release|ARM.Build.0 = Release|Any CPU
		{BF1AB99C-A3B6-4E69-B188-C05C6FE42F6F}.Release|ARM.Deploy.0 = Release|Any CPU
		{BF1AB99C-A3B6-4E69-B188-C05C6FE42F6F}.Release|iPhone.ActiveCfg = Release|Any CPU
		{BF1AB99C-A3B6-4E69-B188-C05C6FE42F6F}.Release|iPhone.Build.0 = Release|Any CPU
		{BF1AB99C-A3B6-4E69-B188-C05C6FE42F6F}.Release|iPhone.Deploy.0 = Release|Any CPU
		{BF1AB99C-A3B6-4E69-B188-C05C6FE42F6F}.Release|iPhoneSimulator.ActiveCfg = Release|Any CPU
		{BF1AB99C-A3B6-4E69-B188-C05C6FE42F6F}.Release|iPhoneSimulator.Build.0 = Release|Any CPU
		{BF1AB99C-A3B6-4E69-B188-C05C6FE42F6F}.Release|iPhoneSimulator.Deploy.0 = Release|Any CPU
		{BF1AB99C-A3B6-4E69-B188-C05C6FE42F6F}.Release|x64.ActiveCfg = Release|Any CPU
		{BF1AB99C-A3B6-4E69-B188-C05C6FE42F6F}.Release|x64.Build.0 = Release|Any CPU
		{BF1AB99C-A3B6-4E69-B188-C05C6FE42F6F}.Release|x64.Deploy.0 = Release|Any CPU
		{BF1AB99C-A3B6-4E69-B188-C05C6FE42F6F}.Release|x86.ActiveCfg = Release|Any CPU
		{BF1AB99C-A3B6-4E69-B188-C05C6FE42F6F}.Release|x86.Build.0 = Release|Any CPU
		{BF1AB99C-A3B6-4E69-B188-C05C6FE42F6F}.Release|x86.Deploy.0 = Release|Any CPU
		{80A96B52-6758-4BDB-B0B4-CEA4CA155C60}.Ad-Hoc|Any CPU.ActiveCfg = Release|iPhoneSimulator
		{80A96B52-6758-4BDB-B0B4-CEA4CA155C60}.Ad-Hoc|Any CPU.Build.0 = Release|iPhoneSimulator
		{80A96B52-6758-4BDB-B0B4-CEA4CA155C60}.Ad-Hoc|ARM.ActiveCfg = Release|iPhoneSimulator
		{80A96B52-6758-4BDB-B0B4-CEA4CA155C60}.Ad-Hoc|ARM.Build.0 = Release|iPhoneSimulator
		{80A96B52-6758-4BDB-B0B4-CEA4CA155C60}.Ad-Hoc|iPhone.ActiveCfg = Release|iPhone
		{80A96B52-6758-4BDB-B0B4-CEA4CA155C60}.Ad-Hoc|iPhone.Build.0 = Release|iPhone
		{80A96B52-6758-4BDB-B0B4-CEA4CA155C60}.Ad-Hoc|iPhoneSimulator.ActiveCfg = Release|iPhoneSimulator
		{80A96B52-6758-4BDB-B0B4-CEA4CA155C60}.Ad-Hoc|iPhoneSimulator.Build.0 = Release|iPhoneSimulator
		{80A96B52-6758-4BDB-B0B4-CEA4CA155C60}.Ad-Hoc|x64.ActiveCfg = Release|iPhoneSimulator
		{80A96B52-6758-4BDB-B0B4-CEA4CA155C60}.Ad-Hoc|x64.Build.0 = Release|iPhoneSimulator
		{80A96B52-6758-4BDB-B0B4-CEA4CA155C60}.Ad-Hoc|x86.ActiveCfg = Release|iPhoneSimulator
		{80A96B52-6758-4BDB-B0B4-CEA4CA155C60}.Ad-Hoc|x86.Build.0 = Release|iPhoneSimulator
		{80A96B52-6758-4BDB-B0B4-CEA4CA155C60}.AppStore|Any CPU.ActiveCfg = Release|iPhoneSimulator
		{80A96B52-6758-4BDB-B0B4-CEA4CA155C60}.AppStore|Any CPU.Build.0 = Release|iPhoneSimulator
		{80A96B52-6758-4BDB-B0B4-CEA4CA155C60}.AppStore|ARM.ActiveCfg = Release|iPhoneSimulator
		{80A96B52-6758-4BDB-B0B4-CEA4CA155C60}.AppStore|ARM.Build.0 = Release|iPhoneSimulator
		{80A96B52-6758-4BDB-B0B4-CEA4CA155C60}.AppStore|iPhone.ActiveCfg = Release|iPhone
		{80A96B52-6758-4BDB-B0B4-CEA4CA155C60}.AppStore|iPhone.Build.0 = Release|iPhone
		{80A96B52-6758-4BDB-B0B4-CEA4CA155C60}.AppStore|iPhoneSimulator.ActiveCfg = Release|iPhoneSimulator
		{80A96B52-6758-4BDB-B0B4-CEA4CA155C60}.AppStore|iPhoneSimulator.Build.0 = Release|iPhoneSimulator
		{80A96B52-6758-4BDB-B0B4-CEA4CA155C60}.AppStore|x64.ActiveCfg = Release|iPhoneSimulator
		{80A96B52-6758-4BDB-B0B4-CEA4CA155C60}.AppStore|x64.Build.0 = Release|iPhoneSimulator
		{80A96B52-6758-4BDB-B0B4-CEA4CA155C60}.AppStore|x86.ActiveCfg = Release|iPhoneSimulator
		{80A96B52-6758-4BDB-B0B4-CEA4CA155C60}.AppStore|x86.Build.0 = Release|iPhoneSimulator
		{80A96B52-6758-4BDB-B0B4-CEA4CA155C60}.Debug|Any CPU.ActiveCfg = Debug|iPhone
		{80A96B52-6758-4BDB-B0B4-CEA4CA155C60}.Debug|ARM.ActiveCfg = Debug|iPhoneSimulator
		{80A96B52-6758-4BDB-B0B4-CEA4CA155C60}.Debug|iPhone.ActiveCfg = Debug|iPhone
		{80A96B52-6758-4BDB-B0B4-CEA4CA155C60}.Debug|iPhone.Build.0 = Debug|iPhone
		{80A96B52-6758-4BDB-B0B4-CEA4CA155C60}.Debug|iPhoneSimulator.ActiveCfg = Debug|iPhoneSimulator
		{80A96B52-6758-4BDB-B0B4-CEA4CA155C60}.Debug|iPhoneSimulator.Build.0 = Debug|iPhoneSimulator
		{80A96B52-6758-4BDB-B0B4-CEA4CA155C60}.Debug|x64.ActiveCfg = Debug|iPhoneSimulator
		{80A96B52-6758-4BDB-B0B4-CEA4CA155C60}.Debug|x86.ActiveCfg = Debug|iPhoneSimulator
		{80A96B52-6758-4BDB-B0B4-CEA4CA155C60}.Release|Any CPU.ActiveCfg = Release|iPhone
		{80A96B52-6758-4BDB-B0B4-CEA4CA155C60}.Release|ARM.ActiveCfg = Release|iPhoneSimulator
		{80A96B52-6758-4BDB-B0B4-CEA4CA155C60}.Release|iPhone.ActiveCfg = Release|iPhone
		{80A96B52-6758-4BDB-B0B4-CEA4CA155C60}.Release|iPhone.Build.0 = Release|iPhone
		{80A96B52-6758-4BDB-B0B4-CEA4CA155C60}.Release|iPhoneSimulator.ActiveCfg = Release|iPhoneSimulator
		{80A96B52-6758-4BDB-B0B4-CEA4CA155C60}.Release|iPhoneSimulator.Build.0 = Release|iPhoneSimulator
		{80A96B52-6758-4BDB-B0B4-CEA4CA155C60}.Release|x64.ActiveCfg = Release|iPhoneSimulator
		{80A96B52-6758-4BDB-B0B4-CEA4CA155C60}.Release|x86.ActiveCfg = Release|iPhoneSimulator
		{29E386CA-EE30-421A-AE24-BAB715EE4802}.Ad-Hoc|Any CPU.ActiveCfg = Release|Any CPU
		{29E386CA-EE30-421A-AE24-BAB715EE4802}.Ad-Hoc|Any CPU.Build.0 = Release|Any CPU
		{29E386CA-EE30-421A-AE24-BAB715EE4802}.Ad-Hoc|Any CPU.Deploy.0 = Release|Any CPU
		{29E386CA-EE30-421A-AE24-BAB715EE4802}.Ad-Hoc|ARM.ActiveCfg = Release|Any CPU
		{29E386CA-EE30-421A-AE24-BAB715EE4802}.Ad-Hoc|ARM.Build.0 = Release|Any CPU
		{29E386CA-EE30-421A-AE24-BAB715EE4802}.Ad-Hoc|ARM.Deploy.0 = Release|Any CPU
		{29E386CA-EE30-421A-AE24-BAB715EE4802}.Ad-Hoc|iPhone.ActiveCfg = Release|Any CPU
		{29E386CA-EE30-421A-AE24-BAB715EE4802}.Ad-Hoc|iPhone.Build.0 = Release|Any CPU
		{29E386CA-EE30-421A-AE24-BAB715EE4802}.Ad-Hoc|iPhone.Deploy.0 = Release|Any CPU
		{29E386CA-EE30-421A-AE24-BAB715EE4802}.Ad-Hoc|iPhoneSimulator.ActiveCfg = Release|Any CPU
		{29E386CA-EE30-421A-AE24-BAB715EE4802}.Ad-Hoc|iPhoneSimulator.Build.0 = Release|Any CPU
		{29E386CA-EE30-421A-AE24-BAB715EE4802}.Ad-Hoc|iPhoneSimulator.Deploy.0 = Release|Any CPU
		{29E386CA-EE30-421A-AE24-BAB715EE4802}.Ad-Hoc|x64.ActiveCfg = Release|Any CPU
		{29E386CA-EE30-421A-AE24-BAB715EE4802}.Ad-Hoc|x64.Build.0 = Release|Any CPU
		{29E386CA-EE30-421A-AE24-BAB715EE4802}.Ad-Hoc|x64.Deploy.0 = Release|Any CPU
		{29E386CA-EE30-421A-AE24-BAB715EE4802}.Ad-Hoc|x86.ActiveCfg = Release|Any CPU
		{29E386CA-EE30-421A-AE24-BAB715EE4802}.Ad-Hoc|x86.Build.0 = Release|Any CPU
		{29E386CA-EE30-421A-AE24-BAB715EE4802}.Ad-Hoc|x86.Deploy.0 = Release|Any CPU
		{29E386CA-EE30-421A-AE24-BAB715EE4802}.AppStore|Any CPU.ActiveCfg = Release|Any CPU
		{29E386CA-EE30-421A-AE24-BAB715EE4802}.AppStore|Any CPU.Build.0 = Release|Any CPU
		{29E386CA-EE30-421A-AE24-BAB715EE4802}.AppStore|Any CPU.Deploy.0 = Release|Any CPU
		{29E386CA-EE30-421A-AE24-BAB715EE4802}.AppStore|ARM.ActiveCfg = Release|Any CPU
		{29E386CA-EE30-421A-AE24-BAB715EE4802}.AppStore|ARM.Build.0 = Release|Any CPU
		{29E386CA-EE30-421A-AE24-BAB715EE4802}.AppStore|ARM.Deploy.0 = Release|Any CPU
		{29E386CA-EE30-421A-AE24-BAB715EE4802}.AppStore|iPhone.ActiveCfg = Release|Any CPU
		{29E386CA-EE30-421A-AE24-BAB715EE4802}.AppStore|iPhone.Build.0 = Release|Any CPU
		{29E386CA-EE30-421A-AE24-BAB715EE4802}.AppStore|iPhone.Deploy.0 = Release|Any CPU
		{29E386CA-EE30-421A-AE24-BAB715EE4802}.AppStore|iPhoneSimulator.ActiveCfg = Release|Any CPU
		{29E386CA-EE30-421A-AE24-BAB715EE4802}.AppStore|iPhoneSimulator.Build.0 = Release|Any CPU
		{29E386CA-EE30-421A-AE24-BAB715EE4802}.AppStore|iPhoneSimulator.Deploy.0 = Release|Any CPU
		{29E386CA-EE30-421A-AE24-BAB715EE4802}.AppStore|x64.ActiveCfg = Release|Any CPU
		{29E386CA-EE30-421A-AE24-BAB715EE4802}.AppStore|x64.Build.0 = Release|Any CPU
		{29E386CA-EE30-421A-AE24-BAB715EE4802}.AppStore|x64.Deploy.0 = Release|Any CPU
		{29E386CA-EE30-421A-AE24-BAB715EE4802}.AppStore|x86.ActiveCfg = Release|Any CPU
		{29E386CA-EE30-421A-AE24-BAB715EE4802}.AppStore|x86.Build.0 = Release|Any CPU
		{29E386CA-EE30-421A-AE24-BAB715EE4802}.AppStore|x86.Deploy.0 = Release|Any CPU
		{29E386CA-EE30-421A-AE24-BAB715EE4802}.Debug|Any CPU.ActiveCfg = Debug|Any CPU
		{29E386CA-EE30-421A-AE24-BAB715EE4802}.Debug|Any CPU.Build.0 = Debug|Any CPU
		{29E386CA-EE30-421A-AE24-BAB715EE4802}.Debug|Any CPU.Deploy.0 = Debug|Any CPU
		{29E386CA-EE30-421A-AE24-BAB715EE4802}.Debug|ARM.ActiveCfg = Debug|Any CPU
		{29E386CA-EE30-421A-AE24-BAB715EE4802}.Debug|ARM.Build.0 = Debug|Any CPU
		{29E386CA-EE30-421A-AE24-BAB715EE4802}.Debug|ARM.Deploy.0 = Debug|Any CPU
		{29E386CA-EE30-421A-AE24-BAB715EE4802}.Debug|iPhone.ActiveCfg = Debug|Any CPU
		{29E386CA-EE30-421A-AE24-BAB715EE4802}.Debug|iPhone.Build.0 = Debug|Any CPU
		{29E386CA-EE30-421A-AE24-BAB715EE4802}.Debug|iPhone.Deploy.0 = Debug|Any CPU
		{29E386CA-EE30-421A-AE24-BAB715EE4802}.Debug|iPhoneSimulator.ActiveCfg = Debug|Any CPU
		{29E386CA-EE30-421A-AE24-BAB715EE4802}.Debug|iPhoneSimulator.Build.0 = Debug|Any CPU
		{29E386CA-EE30-421A-AE24-BAB715EE4802}.Debug|iPhoneSimulator.Deploy.0 = Debug|Any CPU
		{29E386CA-EE30-421A-AE24-BAB715EE4802}.Debug|x64.ActiveCfg = Debug|Any CPU
		{29E386CA-EE30-421A-AE24-BAB715EE4802}.Debug|x64.Build.0 = Debug|Any CPU
		{29E386CA-EE30-421A-AE24-BAB715EE4802}.Debug|x64.Deploy.0 = Debug|Any CPU
		{29E386CA-EE30-421A-AE24-BAB715EE4802}.Debug|x86.ActiveCfg = Debug|Any CPU
		{29E386CA-EE30-421A-AE24-BAB715EE4802}.Debug|x86.Build.0 = Debug|Any CPU
		{29E386CA-EE30-421A-AE24-BAB715EE4802}.Debug|x86.Deploy.0 = Debug|Any CPU
		{29E386CA-EE30-421A-AE24-BAB715EE4802}.Release|Any CPU.ActiveCfg = Release|Any CPU
		{29E386CA-EE30-421A-AE24-BAB715EE4802}.Release|Any CPU.Build.0 = Release|Any CPU
		{29E386CA-EE30-421A-AE24-BAB715EE4802}.Release|Any CPU.Deploy.0 = Release|Any CPU
		{29E386CA-EE30-421A-AE24-BAB715EE4802}.Release|ARM.ActiveCfg = Release|Any CPU
		{29E386CA-EE30-421A-AE24-BAB715EE4802}.Release|ARM.Build.0 = Release|Any CPU
		{29E386CA-EE30-421A-AE24-BAB715EE4802}.Release|ARM.Deploy.0 = Release|Any CPU
		{29E386CA-EE30-421A-AE24-BAB715EE4802}.Release|iPhone.ActiveCfg = Release|Any CPU
		{29E386CA-EE30-421A-AE24-BAB715EE4802}.Release|iPhone.Build.0 = Release|Any CPU
		{29E386CA-EE30-421A-AE24-BAB715EE4802}.Release|iPhone.Deploy.0 = Release|Any CPU
		{29E386CA-EE30-421A-AE24-BAB715EE4802}.Release|iPhoneSimulator.ActiveCfg = Release|Any CPU
		{29E386CA-EE30-421A-AE24-BAB715EE4802}.Release|iPhoneSimulator.Build.0 = Release|Any CPU
		{29E386CA-EE30-421A-AE24-BAB715EE4802}.Release|iPhoneSimulator.Deploy.0 = Release|Any CPU
		{29E386CA-EE30-421A-AE24-BAB715EE4802}.Release|x64.ActiveCfg = Release|Any CPU
		{29E386CA-EE30-421A-AE24-BAB715EE4802}.Release|x64.Build.0 = Release|Any CPU
		{29E386CA-EE30-421A-AE24-BAB715EE4802}.Release|x64.Deploy.0 = Release|Any CPU
		{29E386CA-EE30-421A-AE24-BAB715EE4802}.Release|x86.ActiveCfg = Release|Any CPU
		{29E386CA-EE30-421A-AE24-BAB715EE4802}.Release|x86.Build.0 = Release|Any CPU
		{29E386CA-EE30-421A-AE24-BAB715EE4802}.Release|x86.Deploy.0 = Release|Any CPU
		{715B7C2B-E0D7-48FA-BFD2-78EDE49E6481}.Ad-Hoc|Any CPU.ActiveCfg = Ad-Hoc|iPhone
		{715B7C2B-E0D7-48FA-BFD2-78EDE49E6481}.Ad-Hoc|ARM.ActiveCfg = Ad-Hoc|iPhone
		{715B7C2B-E0D7-48FA-BFD2-78EDE49E6481}.Ad-Hoc|iPhone.ActiveCfg = Ad-Hoc|iPhone
		{715B7C2B-E0D7-48FA-BFD2-78EDE49E6481}.Ad-Hoc|iPhone.Build.0 = Ad-Hoc|iPhone
		{715B7C2B-E0D7-48FA-BFD2-78EDE49E6481}.Ad-Hoc|iPhoneSimulator.ActiveCfg = Ad-Hoc|iPhoneSimulator
		{715B7C2B-E0D7-48FA-BFD2-78EDE49E6481}.Ad-Hoc|iPhoneSimulator.Build.0 = Ad-Hoc|iPhoneSimulator
		{715B7C2B-E0D7-48FA-BFD2-78EDE49E6481}.Ad-Hoc|x64.ActiveCfg = Ad-Hoc|iPhone
		{715B7C2B-E0D7-48FA-BFD2-78EDE49E6481}.Ad-Hoc|x86.ActiveCfg = Ad-Hoc|iPhone
		{715B7C2B-E0D7-48FA-BFD2-78EDE49E6481}.AppStore|Any CPU.ActiveCfg = AppStore|iPhone
		{715B7C2B-E0D7-48FA-BFD2-78EDE49E6481}.AppStore|ARM.ActiveCfg = AppStore|iPhone
		{715B7C2B-E0D7-48FA-BFD2-78EDE49E6481}.AppStore|iPhone.ActiveCfg = AppStore|iPhone
		{715B7C2B-E0D7-48FA-BFD2-78EDE49E6481}.AppStore|iPhone.Build.0 = AppStore|iPhone
		{715B7C2B-E0D7-48FA-BFD2-78EDE49E6481}.AppStore|iPhoneSimulator.ActiveCfg = AppStore|iPhoneSimulator
		{715B7C2B-E0D7-48FA-BFD2-78EDE49E6481}.AppStore|iPhoneSimulator.Build.0 = AppStore|iPhoneSimulator
		{715B7C2B-E0D7-48FA-BFD2-78EDE49E6481}.AppStore|x64.ActiveCfg = AppStore|iPhone
		{715B7C2B-E0D7-48FA-BFD2-78EDE49E6481}.AppStore|x86.ActiveCfg = AppStore|iPhone
		{715B7C2B-E0D7-48FA-BFD2-78EDE49E6481}.Debug|Any CPU.ActiveCfg = Debug|iPhone
		{715B7C2B-E0D7-48FA-BFD2-78EDE49E6481}.Debug|ARM.ActiveCfg = Debug|iPhone
		{715B7C2B-E0D7-48FA-BFD2-78EDE49E6481}.Debug|iPhone.ActiveCfg = Debug|iPhone
		{715B7C2B-E0D7-48FA-BFD2-78EDE49E6481}.Debug|iPhone.Build.0 = Debug|iPhone
		{715B7C2B-E0D7-48FA-BFD2-78EDE49E6481}.Debug|iPhoneSimulator.ActiveCfg = Debug|iPhoneSimulator
		{715B7C2B-E0D7-48FA-BFD2-78EDE49E6481}.Debug|iPhoneSimulator.Build.0 = Debug|iPhoneSimulator
		{715B7C2B-E0D7-48FA-BFD2-78EDE49E6481}.Debug|x64.ActiveCfg = Debug|iPhone
		{715B7C2B-E0D7-48FA-BFD2-78EDE49E6481}.Debug|x86.ActiveCfg = Debug|iPhone
		{715B7C2B-E0D7-48FA-BFD2-78EDE49E6481}.Release|Any CPU.ActiveCfg = Release|iPhone
		{715B7C2B-E0D7-48FA-BFD2-78EDE49E6481}.Release|ARM.ActiveCfg = Release|iPhone
		{715B7C2B-E0D7-48FA-BFD2-78EDE49E6481}.Release|iPhone.ActiveCfg = Release|iPhone
		{715B7C2B-E0D7-48FA-BFD2-78EDE49E6481}.Release|iPhone.Build.0 = Release|iPhone
		{715B7C2B-E0D7-48FA-BFD2-78EDE49E6481}.Release|iPhoneSimulator.ActiveCfg = Release|iPhoneSimulator
		{715B7C2B-E0D7-48FA-BFD2-78EDE49E6481}.Release|iPhoneSimulator.Build.0 = Release|iPhoneSimulator
		{715B7C2B-E0D7-48FA-BFD2-78EDE49E6481}.Release|x64.ActiveCfg = Release|iPhone
		{715B7C2B-E0D7-48FA-BFD2-78EDE49E6481}.Release|x86.ActiveCfg = Release|iPhone
		{A2EEE390-A49B-44D9-B0E1-5B7D4045E2E9}.Ad-Hoc|Any CPU.ActiveCfg = Debug|Any CPU
		{A2EEE390-A49B-44D9-B0E1-5B7D4045E2E9}.Ad-Hoc|Any CPU.Build.0 = Debug|Any CPU
		{A2EEE390-A49B-44D9-B0E1-5B7D4045E2E9}.Ad-Hoc|ARM.ActiveCfg = Debug|Any CPU
		{A2EEE390-A49B-44D9-B0E1-5B7D4045E2E9}.Ad-Hoc|ARM.Build.0 = Debug|Any CPU
		{A2EEE390-A49B-44D9-B0E1-5B7D4045E2E9}.Ad-Hoc|iPhone.ActiveCfg = Debug|Any CPU
		{A2EEE390-A49B-44D9-B0E1-5B7D4045E2E9}.Ad-Hoc|iPhone.Build.0 = Debug|Any CPU
		{A2EEE390-A49B-44D9-B0E1-5B7D4045E2E9}.Ad-Hoc|iPhoneSimulator.ActiveCfg = Debug|Any CPU
		{A2EEE390-A49B-44D9-B0E1-5B7D4045E2E9}.Ad-Hoc|iPhoneSimulator.Build.0 = Debug|Any CPU
		{A2EEE390-A49B-44D9-B0E1-5B7D4045E2E9}.Ad-Hoc|x64.ActiveCfg = Debug|Any CPU
		{A2EEE390-A49B-44D9-B0E1-5B7D4045E2E9}.Ad-Hoc|x64.Build.0 = Debug|Any CPU
		{A2EEE390-A49B-44D9-B0E1-5B7D4045E2E9}.Ad-Hoc|x86.ActiveCfg = Debug|Any CPU
		{A2EEE390-A49B-44D9-B0E1-5B7D4045E2E9}.Ad-Hoc|x86.Build.0 = Debug|Any CPU
		{A2EEE390-A49B-44D9-B0E1-5B7D4045E2E9}.AppStore|Any CPU.ActiveCfg = Debug|Any CPU
		{A2EEE390-A49B-44D9-B0E1-5B7D4045E2E9}.AppStore|Any CPU.Build.0 = Debug|Any CPU
		{A2EEE390-A49B-44D9-B0E1-5B7D4045E2E9}.AppStore|ARM.ActiveCfg = Debug|Any CPU
		{A2EEE390-A49B-44D9-B0E1-5B7D4045E2E9}.AppStore|ARM.Build.0 = Debug|Any CPU
		{A2EEE390-A49B-44D9-B0E1-5B7D4045E2E9}.AppStore|iPhone.ActiveCfg = Debug|Any CPU
		{A2EEE390-A49B-44D9-B0E1-5B7D4045E2E9}.AppStore|iPhone.Build.0 = Debug|Any CPU
		{A2EEE390-A49B-44D9-B0E1-5B7D4045E2E9}.AppStore|iPhoneSimulator.ActiveCfg = Debug|Any CPU
		{A2EEE390-A49B-44D9-B0E1-5B7D4045E2E9}.AppStore|iPhoneSimulator.Build.0 = Debug|Any CPU
		{A2EEE390-A49B-44D9-B0E1-5B7D4045E2E9}.AppStore|x64.ActiveCfg = Debug|Any CPU
		{A2EEE390-A49B-44D9-B0E1-5B7D4045E2E9}.AppStore|x64.Build.0 = Debug|Any CPU
		{A2EEE390-A49B-44D9-B0E1-5B7D4045E2E9}.AppStore|x86.ActiveCfg = Debug|Any CPU
		{A2EEE390-A49B-44D9-B0E1-5B7D4045E2E9}.AppStore|x86.Build.0 = Debug|Any CPU
		{A2EEE390-A49B-44D9-B0E1-5B7D4045E2E9}.Debug|Any CPU.ActiveCfg = Debug|Any CPU
		{A2EEE390-A49B-44D9-B0E1-5B7D4045E2E9}.Debug|Any CPU.Build.0 = Debug|Any CPU
		{A2EEE390-A49B-44D9-B0E1-5B7D4045E2E9}.Debug|ARM.ActiveCfg = Debug|Any CPU
		{A2EEE390-A49B-44D9-B0E1-5B7D4045E2E9}.Debug|ARM.Build.0 = Debug|Any CPU
		{A2EEE390-A49B-44D9-B0E1-5B7D4045E2E9}.Debug|iPhone.ActiveCfg = Debug|Any CPU
		{A2EEE390-A49B-44D9-B0E1-5B7D4045E2E9}.Debug|iPhone.Build.0 = Debug|Any CPU
		{A2EEE390-A49B-44D9-B0E1-5B7D4045E2E9}.Debug|iPhoneSimulator.ActiveCfg = Debug|Any CPU
		{A2EEE390-A49B-44D9-B0E1-5B7D4045E2E9}.Debug|iPhoneSimulator.Build.0 = Debug|Any CPU
		{A2EEE390-A49B-44D9-B0E1-5B7D4045E2E9}.Debug|x64.ActiveCfg = Debug|Any CPU
		{A2EEE390-A49B-44D9-B0E1-5B7D4045E2E9}.Debug|x64.Build.0 = Debug|Any CPU
		{A2EEE390-A49B-44D9-B0E1-5B7D4045E2E9}.Debug|x86.ActiveCfg = Debug|Any CPU
		{A2EEE390-A49B-44D9-B0E1-5B7D4045E2E9}.Debug|x86.Build.0 = Debug|Any CPU
		{A2EEE390-A49B-44D9-B0E1-5B7D4045E2E9}.Release|Any CPU.ActiveCfg = Release|Any CPU
		{A2EEE390-A49B-44D9-B0E1-5B7D4045E2E9}.Release|Any CPU.Build.0 = Release|Any CPU
		{A2EEE390-A49B-44D9-B0E1-5B7D4045E2E9}.Release|ARM.ActiveCfg = Release|Any CPU
		{A2EEE390-A49B-44D9-B0E1-5B7D4045E2E9}.Release|ARM.Build.0 = Release|Any CPU
		{A2EEE390-A49B-44D9-B0E1-5B7D4045E2E9}.Release|iPhone.ActiveCfg = Release|Any CPU
		{A2EEE390-A49B-44D9-B0E1-5B7D4045E2E9}.Release|iPhone.Build.0 = Release|Any CPU
		{A2EEE390-A49B-44D9-B0E1-5B7D4045E2E9}.Release|iPhoneSimulator.ActiveCfg = Release|Any CPU
		{A2EEE390-A49B-44D9-B0E1-5B7D4045E2E9}.Release|iPhoneSimulator.Build.0 = Release|Any CPU
		{A2EEE390-A49B-44D9-B0E1-5B7D4045E2E9}.Release|x64.ActiveCfg = Release|Any CPU
		{A2EEE390-A49B-44D9-B0E1-5B7D4045E2E9}.Release|x64.Build.0 = Release|Any CPU
		{A2EEE390-A49B-44D9-B0E1-5B7D4045E2E9}.Release|x86.ActiveCfg = Release|Any CPU
		{A2EEE390-A49B-44D9-B0E1-5B7D4045E2E9}.Release|x86.Build.0 = Release|Any CPU
	EndGlobalSection
	GlobalSection(SolutionProperties) = preSolution
		HideSolutionNode = FALSE
	EndGlobalSection
	GlobalSection(NestedProjects) = preSolution
		{29E386CA-EE30-421A-AE24-BAB715EE4802} = {5823F819-EB16-48D9-9A77-4A4E8B898ED5}
		{715B7C2B-E0D7-48FA-BFD2-78EDE49E6481} = {5823F819-EB16-48D9-9A77-4A4E8B898ED5}
		{A2EEE390-A49B-44D9-B0E1-5B7D4045E2E9} = {5823F819-EB16-48D9-9A77-4A4E8B898ED5}
	EndGlobalSection
	GlobalSection(ExtensibilityGlobals) = postSolution
		SolutionGuid = {AFA14867-09ED-4581-96FE-B61587F7853A}
	EndGlobalSection
EndGlobal
